{
  "nodes": {
    "agenix": {
      "inputs": {
        "darwin": [],
        "home-manager": "home-manager",
        "nixpkgs": [
          "nixpkgs"
        ],
        "systems": "systems"
      },
      "locked": {
        "lastModified": 1723293904,
        "narHash": "sha256-b+uqzj+Wa6xgMS9aNbX4I+sXeb5biPDi39VgvSFqFvU=",
        "owner": "ryantm",
        "repo": "agenix",
        "rev": "f6291c5935fdc4e0bef208cfc0dcab7e3f7a1c41",
        "type": "github"
      },
      "original": {
        "owner": "ryantm",
        "repo": "agenix",
        "type": "github"
      }
    },
    "catppuccin": {
      "locked": {
        "lastModified": 1731232837,
        "narHash": "sha256-0aIwr/RC/oe7rYkfJb47xjdEQDSNcqpFGsEa+EPlDEs=",
        "owner": "catppuccin",
        "repo": "nix",
        "rev": "32359bf226fe874d3b7a0a5753d291a4da9616fe",
        "type": "github"
      },
      "original": {
        "owner": "catppuccin",
        "repo": "nix",
        "type": "github"
      }
    },
    "flake-compat": {
      "flake": false,
      "locked": {
        "lastModified": 1696426674,
        "narHash": "sha256-kvjfFW7WAETZlt09AgDn1MrtKzP7t90Vf7vypd3OL1U=",
        "owner": "edolstra",
        "repo": "flake-compat",
        "rev": "0f9255e01c2351cc7d116c072cb317785dd33b33",
        "type": "github"
      },
      "original": {
        "owner": "edolstra",
        "repo": "flake-compat",
        "type": "github"
      }
    },
    "flake-utils": {
      "inputs": {
        "systems": "systems_2"
      },
      "locked": {
        "lastModified": 1726560853,
        "narHash": "sha256-X6rJYSESBVr3hBoH0WbKE5KvhPU5bloyZ2L4K60/fPQ=",
        "owner": "numtide",
        "repo": "flake-utils",
        "rev": "c1dfcf08411b08f6b8615f7d8971a2bfa81d5e8a",
        "type": "github"
      },
      "original": {
        "owner": "numtide",
        "repo": "flake-utils",
        "type": "github"
      }
    },
    "flake-utils_2": {
      "inputs": {
        "systems": "systems_3"
      },
      "locked": {
        "lastModified": 1726560853,
        "narHash": "sha256-X6rJYSESBVr3hBoH0WbKE5KvhPU5bloyZ2L4K60/fPQ=",
        "owner": "numtide",
        "repo": "flake-utils",
        "rev": "c1dfcf08411b08f6b8615f7d8971a2bfa81d5e8a",
        "type": "github"
      },
      "original": {
        "owner": "numtide",
        "repo": "flake-utils",
        "type": "github"
      }
    },
    "home-manager": {
      "inputs": {
        "nixpkgs": [
          "agenix",
          "nixpkgs"
        ]
      },
      "locked": {
        "lastModified": 1703113217,
        "narHash": "sha256-7ulcXOk63TIT2lVDSExj7XzFx09LpdSAPtvgtM7yQPE=",
        "owner": "nix-community",
        "repo": "home-manager",
        "rev": "3bfaacf46133c037bb356193bd2f1765d9dc82c1",
        "type": "github"
      },
      "original": {
        "owner": "nix-community",
        "repo": "home-manager",
        "type": "github"
      }
    },
    "home-manager_2": {
      "inputs": {
        "nixpkgs": [
          "nixpkgs"
        ]
      },
      "locked": {
        "lastModified": 1732025103,
        "narHash": "sha256-qjEI64RKvDxRyEarY0jTzrZMa8ebezh2DEZmJJrpVdo=",
        "owner": "nix-community",
        "repo": "home-manager",
        "rev": "a46e702093a5c46e192243edbd977d5749e7f294",
        "type": "github"
      },
      "original": {
        "owner": "nix-community",
        "repo": "home-manager",
        "type": "github"
      }
    },
    "nixlib": {
      "locked": {
        "lastModified": 1731805462,
        "narHash": "sha256-yhEMW4MBi+IAyEJyiKbnFvY1uARyMKJpLUhkczI49wk=",
        "owner": "nix-community",
        "repo": "nixpkgs.lib",
        "rev": "b9f04e3cf71c23bea21d2768051e6b3068d44734",
        "type": "github"
      },
      "original": {
        "owner": "nix-community",
        "repo": "nixpkgs.lib",
        "type": "github"
      }
    },
    "nixos-generators": {
      "inputs": {
        "nixlib": "nixlib",
        "nixpkgs": [
          "nixpkgs"
        ]
      },
      "locked": {
        "lastModified": 1731892054,
        "narHash": "sha256-BJtD9NGUWaBe4OZ1JO77w8qBP9yHDJJUjsxkG/milFc=",
        "owner": "nix-community",
        "repo": "nixos-generators",
        "rev": "15a87ccb45e06d24a9fd5f99a49782efe11b23f0",
        "type": "github"
      },
      "original": {
        "owner": "nix-community",
        "repo": "nixos-generators",
        "type": "github"
      }
    },
    "nixos-hardware": {
      "locked": {
        "lastModified": 1731797098,
        "narHash": "sha256-UhWmEZhwJZmVZ1jfHZFzCg+ZLO9Tb/v3Y6LC0UNyeTo=",
        "owner": "NixOS",
        "repo": "nixos-hardware",
        "rev": "672ac2ac86f7dff2f6f3406405bddecf960e0db6",
        "type": "github"
      },
      "original": {
        "owner": "NixOS",
        "repo": "nixos-hardware",
        "type": "github"
      }
    },
    "nixos-wsl": {
      "inputs": {
        "flake-compat": "flake-compat",
        "flake-utils": "flake-utils",
        "nixpkgs": [
          "nixpkgs"
        ]
      },
      "locked": {
        "lastModified": 1731682434,
        "narHash": "sha256-HnZFPB7akVIy0KuPq/tEkiB+Brt1qi0DUIDzR8z25qI=",
        "owner": "nix-community",
        "repo": "NixOS-WSL",
        "rev": "a6b9cf0b7805e2c50829020a73e7bde683fd36dd",
        "type": "github"
      },
      "original": {
        "owner": "nix-community",
        "ref": "main",
        "repo": "NixOS-WSL",
        "type": "github"
      }
    },
    "nixpkgs": {
      "locked": {
        "lastModified": 1731676054,
        "narHash": "sha256-OZiZ3m8SCMfh3B6bfGC/Bm4x3qc1m2SVEAlkV6iY7Yg=",
        "owner": "nixos",
        "repo": "nixpkgs",
        "rev": "5e4fbfb6b3de1aa2872b76d49fafc942626e2add",
        "type": "github"
      },
      "original": {
        "owner": "nixos",
        "ref": "nixos-unstable",
        "repo": "nixpkgs",
        "type": "github"
      }
    },
    "nixpkgs-stable": {
      "locked": {
        "lastModified": 1731995745,
        "narHash": "sha256-hah3IdVkRd9BNnM8f6fYi5SgU11PIGJll2cHCQC/tMY=",
        "owner": "nixos",
        "repo": "nixpkgs",
        "rev": "f55ecea2fa63140749fa01c5746c877a578a20e9",
        "type": "github"
      },
      "original": {
        "owner": "nixos",
        "ref": "release-24.05",
        "repo": "nixpkgs",
        "type": "github"
      }
    },
    "nur": {
      "locked": {
        "lastModified": 1732034903,
        "narHash": "sha256-83fCcCsW/f1DIBQoQfSvnp95L4WADvKTC+xMQFQ0RRI=",
        "owner": "nix-community",
        "repo": "NUR",
        "rev": "a2712ed4e2e98c0e86ebc074acb2af8248941cc8",
        "type": "github"
      },
      "original": {
        "owner": "nix-community",
        "repo": "NUR",
        "type": "github"
      }
    },
    "root": {
      "inputs": {
        "agenix": "agenix",
        "catppuccin": "catppuccin",
        "home-manager": "home-manager_2",
        "nixos-generators": "nixos-generators",
        "nixos-hardware": "nixos-hardware",
        "nixos-wsl": "nixos-wsl",
        "nixpkgs": "nixpkgs",
        "nixpkgs-stable": "nixpkgs-stable",
        "nur": "nur",
        "vt-nvim": "vt-nvim",
        "vt-wallpapers": "vt-wallpapers"
      }
    },
    "systems": {
      "locked": {
        "lastModified": 1681028828,
        "narHash": "sha256-Vy1rq5AaRuLzOxct8nz4T6wlgyUR7zLU309k9mBC768=",
        "owner": "nix-systems",
        "repo": "default",
        "rev": "da67096a3b9bf56a91d16901293e51ba5b49a27e",
        "type": "github"
      },
      "original": {
        "owner": "nix-systems",
        "repo": "default",
        "type": "github"
      }
    },
    "systems_2": {
      "locked": {
        "lastModified": 1681028828,
        "narHash": "sha256-Vy1rq5AaRuLzOxct8nz4T6wlgyUR7zLU309k9mBC768=",
        "owner": "nix-systems",
        "repo": "default",
        "rev": "da67096a3b9bf56a91d16901293e51ba5b49a27e",
        "type": "github"
      },
      "original": {
        "owner": "nix-systems",
        "repo": "default",
        "type": "github"
      }
    },
    "systems_3": {
      "locked": {
        "lastModified": 1681028828,
        "narHash": "sha256-Vy1rq5AaRuLzOxct8nz4T6wlgyUR7zLU309k9mBC768=",
        "owner": "nix-systems",
        "repo": "default",
        "rev": "da67096a3b9bf56a91d16901293e51ba5b49a27e",
        "type": "github"
      },
      "original": {
        "owner": "nix-systems",
        "repo": "default",
        "type": "github"
      }
    },
    "vt-nvim": {
      "inputs": {
        "flake-utils": "flake-utils_2",
        "nixpkgs": [
          "nixpkgs"
        ]
      },
      "locked": {
        "lastModified": 1730755631,
        "narHash": "sha256-i9vAwdHNx1w9YImzetB7b8xai1vlu2uAorQRzbN1m1g=",
        "owner": "vincent-thomas",
        "repo": "nvim",
        "rev": "06eb1cf1082c19919506d638d18cead43091fd78",
        "type": "github"
      },
      "original": {
        "owner": "vincent-thomas",
        "repo": "nvim",
        "type": "github"
      }
    },
    "vt-wallpapers": {
      "flake": false,
      "locked": {
        "lastModified": 1726010738,
        "narHash": "sha256-SQjv4HvsNvEr0JWWEc3i9JwA/37gdoAaqDuGVo6LdlM=",
        "owner": "vincent-thomas",
        "repo": "wallpapers",
        "rev": "54d4e9a845fcea861de0b096e3b579714a42159f",
        "type": "github"
      },
      "original": {
        "owner": "vincent-thomas",
        "repo": "wallpapers",
        "type": "github"
      }
    }
  },
  "root": "root",
  "version": 7
}
