{
  "nodes": {
    "agenix": {
      "inputs": {
        "darwin": [],
        "home-manager": "home-manager",
        "nixpkgs": [
          "nixpkgs"
        ],
        "systems": "systems"
      },
      "locked": {
        "lastModified": 1723293904,
        "narHash": "sha256-b+uqzj+Wa6xgMS9aNbX4I+sXeb5biPDi39VgvSFqFvU=",
        "owner": "ryantm",
        "repo": "agenix",
        "rev": "f6291c5935fdc4e0bef208cfc0dcab7e3f7a1c41",
        "type": "github"
      },
      "original": {
        "owner": "ryantm",
        "repo": "agenix",
        "type": "github"
      }
    },
    "catppuccin": {
      "locked": {
        "lastModified": 1731232837,
        "narHash": "sha256-0aIwr/RC/oe7rYkfJb47xjdEQDSNcqpFGsEa+EPlDEs=",
        "owner": "catppuccin",
        "repo": "nix",
        "rev": "32359bf226fe874d3b7a0a5753d291a4da9616fe",
        "type": "github"
      },
      "original": {
        "owner": "catppuccin",
        "repo": "nix",
        "type": "github"
      }
    },
    "flake-compat": {
      "flake": false,
      "locked": {
        "lastModified": 1696426674,
        "narHash": "sha256-kvjfFW7WAETZlt09AgDn1MrtKzP7t90Vf7vypd3OL1U=",
        "owner": "edolstra",
        "repo": "flake-compat",
        "rev": "0f9255e01c2351cc7d116c072cb317785dd33b33",
        "type": "github"
      },
      "original": {
        "owner": "edolstra",
        "repo": "flake-compat",
        "type": "github"
      }
    },
    "flake-compat_2": {
      "flake": false,
      "locked": {
        "lastModified": 1696426674,
        "narHash": "sha256-kvjfFW7WAETZlt09AgDn1MrtKzP7t90Vf7vypd3OL1U=",
        "owner": "edolstra",
        "repo": "flake-compat",
        "rev": "0f9255e01c2351cc7d116c072cb317785dd33b33",
        "type": "github"
      },
      "original": {
        "owner": "edolstra",
        "repo": "flake-compat",
        "type": "github"
      }
    },
    "flake-parts": {
      "inputs": {
        "nixpkgs-lib": "nixpkgs-lib"
      },
      "locked": {
        "lastModified": 1717285511,
        "narHash": "sha256-iKzJcpdXih14qYVcZ9QC9XuZYnPc6T8YImb6dX166kw=",
        "owner": "hercules-ci",
        "repo": "flake-parts",
        "rev": "2a55567fcf15b1b1c7ed712a2c6fadaec7412ea8",
        "type": "github"
      },
      "original": {
        "owner": "hercules-ci",
        "repo": "flake-parts",
        "type": "github"
      }
    },
    "flake-utils": {
      "inputs": {
        "systems": "systems_2"
      },
      "locked": {
        "lastModified": 1726560853,
        "narHash": "sha256-X6rJYSESBVr3hBoH0WbKE5KvhPU5bloyZ2L4K60/fPQ=",
        "owner": "numtide",
        "repo": "flake-utils",
        "rev": "c1dfcf08411b08f6b8615f7d8971a2bfa81d5e8a",
        "type": "github"
      },
      "original": {
        "owner": "numtide",
        "repo": "flake-utils",
        "type": "github"
      }
    },
    "flake-utils_2": {
      "inputs": {
        "systems": "systems_3"
      },
      "locked": {
        "lastModified": 1731533236,
        "narHash": "sha256-l0KFg5HjrsfsO/JpG+r7fRrqm12kzFHyUHqHCVpMMbI=",
        "owner": "numtide",
        "repo": "flake-utils",
        "rev": "11707dc2f618dd54ca8739b309ec4fc024de578b",
        "type": "github"
      },
      "original": {
        "owner": "numtide",
        "repo": "flake-utils",
        "type": "github"
      }
    },
    "fzf-lua": {
      "flake": false,
      "locked": {
        "lastModified": 1733693771,
        "narHash": "sha256-lRXpVqairhOeYoyBe170YWfJ/QQMB5LtX7Qv2sg5/So=",
        "owner": "ibhagwan",
        "repo": "fzf-lua",
        "rev": "b0b6ca4b3607db4cbc74e7e8199cd628cb6fbeee",
        "type": "github"
      },
      "original": {
        "owner": "ibhagwan",
        "repo": "fzf-lua",
        "type": "github"
      }
    },
    "gen-luarc": {
      "inputs": {
        "flake-parts": "flake-parts",
        "git-hooks": "git-hooks",
        "luvit-meta": "luvit-meta",
        "nixpkgs": [
          "vt-nvim",
          "nixpkgs"
        ]
      },
      "locked": {
        "lastModified": 1724097937,
        "narHash": "sha256-Q4tgm8ZHAQUdvsNft86MqIbHQAm7OF7RT/wwYWXqSdY=",
        "owner": "mrcjkb",
        "repo": "nix-gen-luarc-json",
        "rev": "b36b69c4ded9f31b079523bc452e23458734cf00",
        "type": "github"
      },
      "original": {
        "owner": "mrcjkb",
        "repo": "nix-gen-luarc-json",
        "type": "github"
      }
    },
    "git-hooks": {
      "inputs": {
        "flake-compat": "flake-compat_2",
        "gitignore": "gitignore",
        "nixpkgs": [
          "vt-nvim",
          "gen-luarc",
          "nixpkgs"
        ],
        "nixpkgs-stable": "nixpkgs-stable"
      },
      "locked": {
        "lastModified": 1723803910,
        "narHash": "sha256-yezvUuFiEnCFbGuwj/bQcqg7RykIEqudOy/RBrId0pc=",
        "owner": "cachix",
        "repo": "git-hooks.nix",
        "rev": "bfef0ada09e2c8ac55bbcd0831bd0c9d42e651ba",
        "type": "github"
      },
      "original": {
        "owner": "cachix",
        "repo": "git-hooks.nix",
        "type": "github"
      }
    },
    "gitignore": {
      "inputs": {
        "nixpkgs": [
          "vt-nvim",
          "gen-luarc",
          "git-hooks",
          "nixpkgs"
        ]
      },
      "locked": {
        "lastModified": 1709087332,
        "narHash": "sha256-HG2cCnktfHsKV0s4XW83gU3F57gaTljL9KNSuG6bnQs=",
        "owner": "hercules-ci",
        "repo": "gitignore.nix",
        "rev": "637db329424fd7e46cf4185293b9cc8c88c95394",
        "type": "github"
      },
      "original": {
        "owner": "hercules-ci",
        "repo": "gitignore.nix",
        "type": "github"
      }
    },
    "home-manager": {
      "inputs": {
        "nixpkgs": [
          "agenix",
          "nixpkgs"
        ]
      },
      "locked": {
        "lastModified": 1703113217,
        "narHash": "sha256-7ulcXOk63TIT2lVDSExj7XzFx09LpdSAPtvgtM7yQPE=",
        "owner": "nix-community",
        "repo": "home-manager",
        "rev": "3bfaacf46133c037bb356193bd2f1765d9dc82c1",
        "type": "github"
      },
      "original": {
        "owner": "nix-community",
        "repo": "home-manager",
        "type": "github"
      }
    },
    "home-manager_2": {
      "inputs": {
        "nixpkgs": [
          "nixpkgs"
        ]
      },
      "locked": {
        "lastModified": 1732025103,
        "narHash": "sha256-qjEI64RKvDxRyEarY0jTzrZMa8ebezh2DEZmJJrpVdo=",
        "owner": "nix-community",
        "repo": "home-manager",
        "rev": "a46e702093a5c46e192243edbd977d5749e7f294",
        "type": "github"
      },
      "original": {
        "owner": "nix-community",
        "repo": "home-manager",
        "type": "github"
      }
    },
    "luvit-meta": {
      "flake": false,
      "locked": {
        "lastModified": 1705776742,
        "narHash": "sha256-zAAptV/oLuLAAsa2zSB/6fxlElk4+jNZd/cPr9oxFig=",
        "owner": "Bilal2453",
        "repo": "luvit-meta",
        "rev": "ce76f6f6cdc9201523a5875a4471dcfe0186eb60",
        "type": "github"
      },
      "original": {
        "owner": "Bilal2453",
        "repo": "luvit-meta",
        "type": "github"
      }
    },
    "nixlib": {
      "locked": {
        "lastModified": 1731805462,
        "narHash": "sha256-yhEMW4MBi+IAyEJyiKbnFvY1uARyMKJpLUhkczI49wk=",
        "owner": "nix-community",
        "repo": "nixpkgs.lib",
        "rev": "b9f04e3cf71c23bea21d2768051e6b3068d44734",
        "type": "github"
      },
      "original": {
        "owner": "nix-community",
        "repo": "nixpkgs.lib",
        "type": "github"
      }
    },
    "nixos-generators": {
      "inputs": {
        "nixlib": "nixlib",
        "nixpkgs": [
          "nixpkgs"
        ]
      },
      "locked": {
        "lastModified": 1731892054,
        "narHash": "sha256-BJtD9NGUWaBe4OZ1JO77w8qBP9yHDJJUjsxkG/milFc=",
        "owner": "nix-community",
        "repo": "nixos-generators",
        "rev": "15a87ccb45e06d24a9fd5f99a49782efe11b23f0",
        "type": "github"
      },
      "original": {
        "owner": "nix-community",
        "repo": "nixos-generators",
        "type": "github"
      }
    },
    "nixos-hardware": {
      "locked": {
        "lastModified": 1731797098,
        "narHash": "sha256-UhWmEZhwJZmVZ1jfHZFzCg+ZLO9Tb/v3Y6LC0UNyeTo=",
        "owner": "NixOS",
        "repo": "nixos-hardware",
        "rev": "672ac2ac86f7dff2f6f3406405bddecf960e0db6",
        "type": "github"
      },
      "original": {
        "owner": "NixOS",
        "repo": "nixos-hardware",
        "type": "github"
      }
    },
    "nixos-wsl": {
      "inputs": {
        "flake-compat": "flake-compat",
        "flake-utils": "flake-utils",
        "nixpkgs": [
          "nixpkgs"
        ]
      },
      "locked": {
        "lastModified": 1731682434,
        "narHash": "sha256-HnZFPB7akVIy0KuPq/tEkiB+Brt1qi0DUIDzR8z25qI=",
        "owner": "nix-community",
        "repo": "NixOS-WSL",
        "rev": "a6b9cf0b7805e2c50829020a73e7bde683fd36dd",
        "type": "github"
      },
      "original": {
        "owner": "nix-community",
        "ref": "main",
        "repo": "NixOS-WSL",
        "type": "github"
      }
    },
    "nixpkgs": {
      "locked": {
        "lastModified": 1732137751,
        "narHash": "sha256-EAL0dZuCXPPz3/AvZ5fbhvUozDBjbeIYVDNcTFLw34Y=",
        "owner": "nixos",
        "repo": "nixpkgs",
        "rev": "f9b758017c32fa79ada0b10fb42eb1ad684c8d44",
        "type": "github"
      },
      "original": {
        "owner": "nixos",
        "ref": "release-24.11",
        "repo": "nixpkgs",
        "type": "github"
      }
    },
    "nixpkgs-lib": {
      "locked": {
        "lastModified": 1717284937,
        "narHash": "sha256-lIbdfCsf8LMFloheeE6N31+BMIeixqyQWbSr2vk79EQ=",
        "type": "tarball",
        "url": "https://github.com/NixOS/nixpkgs/archive/eb9ceca17df2ea50a250b6b27f7bf6ab0186f198.tar.gz"
      },
      "original": {
        "type": "tarball",
        "url": "https://github.com/NixOS/nixpkgs/archive/eb9ceca17df2ea50a250b6b27f7bf6ab0186f198.tar.gz"
      }
    },
    "nixpkgs-stable": {
      "locked": {
        "lastModified": 1720386169,
        "narHash": "sha256-NGKVY4PjzwAa4upkGtAMz1npHGoRzWotlSnVlqI40mo=",
        "owner": "NixOS",
        "repo": "nixpkgs",
        "rev": "194846768975b7ad2c4988bdb82572c00222c0d7",
        "type": "github"
      },
      "original": {
        "owner": "NixOS",
        "ref": "nixos-24.05",
        "repo": "nixpkgs",
        "type": "github"
      }
    },
    "nixpkgs-unstable": {
      "locked": {
        "lastModified": 1732014248,
        "narHash": "sha256-y/MEyuJ5oBWrWAic/14LaIr/u5E0wRVzyYsouYY3W6w=",
        "owner": "nixos",
        "repo": "nixpkgs",
        "rev": "23e89b7da85c3640bbc2173fe04f4bd114342367",
        "type": "github"
      },
      "original": {
        "owner": "nixos",
        "ref": "nixos-unstable",
        "repo": "nixpkgs",
        "type": "github"
      }
    },
    "nixpkgs_2": {
      "locked": {
        "lastModified": 1733581040,
        "narHash": "sha256-Qn3nPMSopRQJgmvHzVqPcE3I03zJyl8cSbgnnltfFDY=",
        "owner": "NixOS",
        "repo": "nixpkgs",
        "rev": "22c3f2cf41a0e70184334a958e6b124fb0ce3e01",
        "type": "github"
      },
      "original": {
        "owner": "NixOS",
        "ref": "nixos-unstable",
        "repo": "nixpkgs",
        "type": "github"
      }
    },
    "nur": {
      "locked": {
        "lastModified": 1732134607,
        "narHash": "sha256-vWkWJWMujimxIan8vSSXmB6ujov6SgQca3wD4c2EGIk=",
        "owner": "nix-community",
        "repo": "NUR",
        "rev": "34ea536162b11e0db2449bd2eb248dccce1bb9e6",
        "type": "github"
      },
      "original": {
        "owner": "nix-community",
        "repo": "NUR",
        "type": "github"
      }
    },
    "oil": {
      "flake": false,
      "locked": {
        "lastModified": 1733247914,
        "narHash": "sha256-6Qpx78JqoHNFuSaLfUoNIH7ubylsi8JhgbbAmLeRYBk=",
        "owner": "stevearc",
        "repo": "oil.nvim",
        "rev": "9a59256c8e88b29d2150e99b5960b2f111e51f75",
        "type": "github"
      },
      "original": {
        "owner": "stevearc",
        "repo": "oil.nvim",
        "type": "github"
      }
    },
    "root": {
      "inputs": {
        "agenix": "agenix",
        "catppuccin": "catppuccin",
        "home-manager": "home-manager_2",
        "nixos-generators": "nixos-generators",
        "nixos-hardware": "nixos-hardware",
        "nixos-wsl": "nixos-wsl",
        "nixpkgs": "nixpkgs",
        "nixpkgs-unstable": "nixpkgs-unstable",
        "nur": "nur",
        "vt-nvim": "vt-nvim",
        "vt-wallpapers": "vt-wallpapers"
      }
    },
    "systems": {
      "locked": {
        "lastModified": 1681028828,
        "narHash": "sha256-Vy1rq5AaRuLzOxct8nz4T6wlgyUR7zLU309k9mBC768=",
        "owner": "nix-systems",
        "repo": "default",
        "rev": "da67096a3b9bf56a91d16901293e51ba5b49a27e",
        "type": "github"
      },
      "original": {
        "owner": "nix-systems",
        "repo": "default",
        "type": "github"
      }
    },
    "systems_2": {
      "locked": {
        "lastModified": 1681028828,
        "narHash": "sha256-Vy1rq5AaRuLzOxct8nz4T6wlgyUR7zLU309k9mBC768=",
        "owner": "nix-systems",
        "repo": "default",
        "rev": "da67096a3b9bf56a91d16901293e51ba5b49a27e",
        "type": "github"
      },
      "original": {
        "owner": "nix-systems",
        "repo": "default",
        "type": "github"
      }
    },
    "systems_3": {
      "locked": {
        "lastModified": 1681028828,
        "narHash": "sha256-Vy1rq5AaRuLzOxct8nz4T6wlgyUR7zLU309k9mBC768=",
        "owner": "nix-systems",
        "repo": "default",
        "rev": "da67096a3b9bf56a91d16901293e51ba5b49a27e",
        "type": "github"
      },
      "original": {
        "owner": "nix-systems",
        "repo": "default",
        "type": "github"
      }
    },
    "vt-nvim": {
      "inputs": {
        "flake-utils": "flake-utils_2",
        "fzf-lua": "fzf-lua",
        "gen-luarc": "gen-luarc",
        "nixpkgs": "nixpkgs_2",
        "oil": "oil"
      },
      "locked": {
        "lastModified": 1733695411,
        "narHash": "sha256-HNML5T1yoed/GzgW6E1o93jYdtH3dL4BD1FDmS26jnM=",
        "owner": "vincent-thomas",
        "repo": "nvim",
        "rev": "d81676027f270d7a99f88c8b5991290ce62e51ad",
        "type": "github"
      },
      "original": {
        "owner": "vincent-thomas",
        "repo": "nvim",
        "type": "github"
      }
    },
    "vt-wallpapers": {
      "flake": false,
      "locked": {
        "lastModified": 1726010738,
        "narHash": "sha256-SQjv4HvsNvEr0JWWEc3i9JwA/37gdoAaqDuGVo6LdlM=",
        "owner": "vincent-thomas",
        "repo": "wallpapers",
        "rev": "54d4e9a845fcea861de0b096e3b579714a42159f",
        "type": "github"
      },
      "original": {
        "owner": "vincent-thomas",
        "repo": "wallpapers",
        "type": "github"
      }
    }
  },
  "root": "root",
  "version": 7
}
